// !$*UTF8*$!
{
	archiveVersion = 1;
	classes = {
	};
	objectVersion = 56;
	objects = {

/* Begin PBXBuildFile section */
		8A883A918C7074E4D71A7492 /* Pods_Weather_WeatherUITests.framework in Frameworks */ = {isa = PBXBuildFile; fileRef = B1901E743B0A0E7E35764BAB /* Pods_Weather_WeatherUITests.framework */; };
		A990C9DC6201970408594015 /* Pods_Weather.framework in Frameworks */ = {isa = PBXBuildFile; fileRef = 6557EC0AF7460A60A4227B61 /* Pods_Weather.framework */; };
		EA290DD22AC9F6EC0072267A /* WeatherApiWorker.swift in Sources */ = {isa = PBXBuildFile; fileRef = EA290DD12AC9F6EC0072267A /* WeatherApiWorker.swift */; };
		EA290DD62AC9F9A60072267A /* ValuesAdapter.swift in Sources */ = {isa = PBXBuildFile; fileRef = EA290DD52AC9F9A60072267A /* ValuesAdapter.swift */; };
		EA2AABD12ABEEA9A008C62AE /* HourlyTableViewCell.swift in Sources */ = {isa = PBXBuildFile; fileRef = EA2AABCF2ABEEA9A008C62AE /* HourlyTableViewCell.swift */; };
		EA2AABD22ABEEA9A008C62AE /* HourlyTableViewCell.xib in Resources */ = {isa = PBXBuildFile; fileRef = EA2AABD02ABEEA9A008C62AE /* HourlyTableViewCell.xib */; };
		EA2AABD92ABF0DCE008C62AE /* HourlyCollectionViewCell.swift in Sources */ = {isa = PBXBuildFile; fileRef = EA2AABD72ABF0DCE008C62AE /* HourlyCollectionViewCell.swift */; };
		EA2AABDA2ABF0DCE008C62AE /* HourlyCollectionViewCell.xib in Resources */ = {isa = PBXBuildFile; fileRef = EA2AABD82ABF0DCE008C62AE /* HourlyCollectionViewCell.xib */; };
		EA307EC72AC047E200F2901C /* Alamofire in Frameworks */ = {isa = PBXBuildFile; productRef = EA307EC62AC047E200F2901C /* Alamofire */; };
		EA307ECC2AC04C0300F2901C /* WeatherLocation.swift in Sources */ = {isa = PBXBuildFile; fileRef = EA307ECB2AC04C0300F2901C /* WeatherLocation.swift */; };
		EA307ECE2AC04F4200F2901C /* CurrentWeather.swift in Sources */ = {isa = PBXBuildFile; fileRef = EA307ECD2AC04F4200F2901C /* CurrentWeather.swift */; };
		EA307ED02AC06AC100F2901C /* WeatherResponces.swift in Sources */ = {isa = PBXBuildFile; fileRef = EA307ECF2AC06AC100F2901C /* WeatherResponces.swift */; };
		EA307ED22AC08AF700F2901C /* Settings.swift in Sources */ = {isa = PBXBuildFile; fileRef = EA307ED12AC08AF700F2901C /* Settings.swift */; };
		EA307ED52AC09AD300F2901C /* SettingsViewController.swift in Sources */ = {isa = PBXBuildFile; fileRef = EA307ED42AC09AD300F2901C /* SettingsViewController.swift */; };
		EA307ED82AC0A8AF00F2901C /* SettingsTableViewCell.swift in Sources */ = {isa = PBXBuildFile; fileRef = EA307ED62AC0A8AF00F2901C /* SettingsTableViewCell.swift */; };
		EA307ED92AC0A8AF00F2901C /* SettingsTableViewCell.xib in Resources */ = {isa = PBXBuildFile; fileRef = EA307ED72AC0A8AF00F2901C /* SettingsTableViewCell.xib */; };
		EA5770B72AE5818B008B93E4 /* ForecastWeather.swift in Sources */ = {isa = PBXBuildFile; fileRef = EA5770B62AE5818B008B93E4 /* ForecastWeather.swift */; };
		EA5770BA2AE5A6BB008B93E4 /* WeatherViewModel.swift in Sources */ = {isa = PBXBuildFile; fileRef = EA5770B92AE5A6BB008B93E4 /* WeatherViewModel.swift */; };
		EA5770BC2AE5B716008B93E4 /* ObservableObject.swift in Sources */ = {isa = PBXBuildFile; fileRef = EA5770BB2AE5B716008B93E4 /* ObservableObject.swift */; };
		EA61D56D2AB0D02A0001CCC4 /* AppDelegate.swift in Sources */ = {isa = PBXBuildFile; fileRef = EA61D56C2AB0D02A0001CCC4 /* AppDelegate.swift */; };
		EA61D56F2AB0D02A0001CCC4 /* SceneDelegate.swift in Sources */ = {isa = PBXBuildFile; fileRef = EA61D56E2AB0D02A0001CCC4 /* SceneDelegate.swift */; };
		EA61D5712AB0D02A0001CCC4 /* WeatherViewController.swift in Sources */ = {isa = PBXBuildFile; fileRef = EA61D5702AB0D02A0001CCC4 /* WeatherViewController.swift */; };
		EA61D5742AB0D02A0001CCC4 /* Main.storyboard in Resources */ = {isa = PBXBuildFile; fileRef = EA61D5722AB0D02A0001CCC4 /* Main.storyboard */; };
		EA61D5762AB0D02D0001CCC4 /* Assets.xcassets in Resources */ = {isa = PBXBuildFile; fileRef = EA61D5752AB0D02D0001CCC4 /* Assets.xcassets */; };
		EA61D5792AB0D02D0001CCC4 /* LaunchScreen.storyboard in Resources */ = {isa = PBXBuildFile; fileRef = EA61D5772AB0D02D0001CCC4 /* LaunchScreen.storyboard */; };
		EA61D5842AB0D02D0001CCC4 /* WeatherTests.swift in Sources */ = {isa = PBXBuildFile; fileRef = EA61D5832AB0D02D0001CCC4 /* WeatherTests.swift */; };
		EA61D58E2AB0D02D0001CCC4 /* WeatherUITests.swift in Sources */ = {isa = PBXBuildFile; fileRef = EA61D58D2AB0D02D0001CCC4 /* WeatherUITests.swift */; };
		EA61D5902AB0D02D0001CCC4 /* WeatherUITestsLaunchTests.swift in Sources */ = {isa = PBXBuildFile; fileRef = EA61D58F2AB0D02D0001CCC4 /* WeatherUITestsLaunchTests.swift */; };
		EAC8A0D02ABF7974001602C8 /* ForecastTableViewCell.swift in Sources */ = {isa = PBXBuildFile; fileRef = EAC8A0CE2ABF7974001602C8 /* ForecastTableViewCell.swift */; };
		EAC8A0D12ABF7974001602C8 /* ForecastTableViewCell.xib in Resources */ = {isa = PBXBuildFile; fileRef = EAC8A0CF2ABF7974001602C8 /* ForecastTableViewCell.xib */; };
		EAC8A0D42ABF8B44001602C8 /* WeatherDetailsCollectionViewCell.swift in Sources */ = {isa = PBXBuildFile; fileRef = EAC8A0D22ABF8B44001602C8 /* WeatherDetailsCollectionViewCell.swift */; };
		EAC8A0D52ABF8B44001602C8 /* WeatherDetailsCollectionViewCell.xib in Resources */ = {isa = PBXBuildFile; fileRef = EAC8A0D32ABF8B44001602C8 /* WeatherDetailsCollectionViewCell.xib */; };
		ECBDA3FEB1FC051625174D9E /* Pods_WeatherTests.framework in Frameworks */ = {isa = PBXBuildFile; fileRef = D2A28B50A4759D087A6B501A /* Pods_WeatherTests.framework */; };
/* End PBXBuildFile section */

/* Begin PBXContainerItemProxy section */
		EA61D5802AB0D02D0001CCC4 /* PBXContainerItemProxy */ = {
			isa = PBXContainerItemProxy;
			containerPortal = EA61D5612AB0D02A0001CCC4 /* Project object */;
			proxyType = 1;
			remoteGlobalIDString = EA61D5682AB0D02A0001CCC4;
			remoteInfo = Weather;
		};
		EA61D58A2AB0D02D0001CCC4 /* PBXContainerItemProxy */ = {
			isa = PBXContainerItemProxy;
			containerPortal = EA61D5612AB0D02A0001CCC4 /* Project object */;
			proxyType = 1;
			remoteGlobalIDString = EA61D5682AB0D02A0001CCC4;
			remoteInfo = Weather;
		};
/* End PBXContainerItemProxy section */

/* Begin PBXFileReference section */
		4A813998DF492876D03406F2 /* Pods-WeatherTests.release.xcconfig */ = {isa = PBXFileReference; includeInIndex = 1; lastKnownFileType = text.xcconfig; name = "Pods-WeatherTests.release.xcconfig"; path = "Target Support Files/Pods-WeatherTests/Pods-WeatherTests.release.xcconfig"; sourceTree = "<group>"; };
		5ED06D60E1345536AA12D9D5 /* Pods-Weather-WeatherUITests.debug.xcconfig */ = {isa = PBXFileReference; includeInIndex = 1; lastKnownFileType = text.xcconfig; name = "Pods-Weather-WeatherUITests.debug.xcconfig"; path = "Target Support Files/Pods-Weather-WeatherUITests/Pods-Weather-WeatherUITests.debug.xcconfig"; sourceTree = "<group>"; };
		6557EC0AF7460A60A4227B61 /* Pods_Weather.framework */ = {isa = PBXFileReference; explicitFileType = wrapper.framework; includeInIndex = 0; path = Pods_Weather.framework; sourceTree = BUILT_PRODUCTS_DIR; };
		74356417DBD6E4ED9DD40470 /* Pods-Weather-WeatherUITests.release.xcconfig */ = {isa = PBXFileReference; includeInIndex = 1; lastKnownFileType = text.xcconfig; name = "Pods-Weather-WeatherUITests.release.xcconfig"; path = "Target Support Files/Pods-Weather-WeatherUITests/Pods-Weather-WeatherUITests.release.xcconfig"; sourceTree = "<group>"; };
		77BBD1E131083855755B52DC /* Pods-Weather.debug.xcconfig */ = {isa = PBXFileReference; includeInIndex = 1; lastKnownFileType = text.xcconfig; name = "Pods-Weather.debug.xcconfig"; path = "Target Support Files/Pods-Weather/Pods-Weather.debug.xcconfig"; sourceTree = "<group>"; };
		823FF4C128A0DAA4341F1582 /* Pods-Weather.release.xcconfig */ = {isa = PBXFileReference; includeInIndex = 1; lastKnownFileType = text.xcconfig; name = "Pods-Weather.release.xcconfig"; path = "Target Support Files/Pods-Weather/Pods-Weather.release.xcconfig"; sourceTree = "<group>"; };
		B1901E743B0A0E7E35764BAB /* Pods_Weather_WeatherUITests.framework */ = {isa = PBXFileReference; explicitFileType = wrapper.framework; includeInIndex = 0; path = Pods_Weather_WeatherUITests.framework; sourceTree = BUILT_PRODUCTS_DIR; };
		D2A28B50A4759D087A6B501A /* Pods_WeatherTests.framework */ = {isa = PBXFileReference; explicitFileType = wrapper.framework; includeInIndex = 0; path = Pods_WeatherTests.framework; sourceTree = BUILT_PRODUCTS_DIR; };
		EA290DD12AC9F6EC0072267A /* WeatherApiWorker.swift */ = {isa = PBXFileReference; lastKnownFileType = sourcecode.swift; path = WeatherApiWorker.swift; sourceTree = "<group>"; };
		EA290DD52AC9F9A60072267A /* ValuesAdapter.swift */ = {isa = PBXFileReference; lastKnownFileType = sourcecode.swift; path = ValuesAdapter.swift; sourceTree = "<group>"; };
		EA2AABCF2ABEEA9A008C62AE /* HourlyTableViewCell.swift */ = {isa = PBXFileReference; lastKnownFileType = sourcecode.swift; path = HourlyTableViewCell.swift; sourceTree = "<group>"; };
		EA2AABD02ABEEA9A008C62AE /* HourlyTableViewCell.xib */ = {isa = PBXFileReference; lastKnownFileType = file.xib; path = HourlyTableViewCell.xib; sourceTree = "<group>"; };
		EA2AABD72ABF0DCE008C62AE /* HourlyCollectionViewCell.swift */ = {isa = PBXFileReference; lastKnownFileType = sourcecode.swift; path = HourlyCollectionViewCell.swift; sourceTree = "<group>"; };
		EA2AABD82ABF0DCE008C62AE /* HourlyCollectionViewCell.xib */ = {isa = PBXFileReference; lastKnownFileType = file.xib; path = HourlyCollectionViewCell.xib; sourceTree = "<group>"; };
		EA307ECB2AC04C0300F2901C /* WeatherLocation.swift */ = {isa = PBXFileReference; lastKnownFileType = sourcecode.swift; path = WeatherLocation.swift; sourceTree = "<group>"; };
		EA307ECD2AC04F4200F2901C /* CurrentWeather.swift */ = {isa = PBXFileReference; lastKnownFileType = sourcecode.swift; path = CurrentWeather.swift; sourceTree = "<group>"; };
		EA307ECF2AC06AC100F2901C /* WeatherResponces.swift */ = {isa = PBXFileReference; lastKnownFileType = sourcecode.swift; path = WeatherResponces.swift; sourceTree = "<group>"; };
		EA307ED12AC08AF700F2901C /* Settings.swift */ = {isa = PBXFileReference; lastKnownFileType = sourcecode.swift; path = Settings.swift; sourceTree = "<group>"; };
		EA307ED42AC09AD300F2901C /* SettingsViewController.swift */ = {isa = PBXFileReference; lastKnownFileType = sourcecode.swift; path = SettingsViewController.swift; sourceTree = "<group>"; };
		EA307ED62AC0A8AF00F2901C /* SettingsTableViewCell.swift */ = {isa = PBXFileReference; lastKnownFileType = sourcecode.swift; path = SettingsTableViewCell.swift; sourceTree = "<group>"; };
		EA307ED72AC0A8AF00F2901C /* SettingsTableViewCell.xib */ = {isa = PBXFileReference; lastKnownFileType = file.xib; path = SettingsTableViewCell.xib; sourceTree = "<group>"; };
		EA5770B62AE5818B008B93E4 /* ForecastWeather.swift */ = {isa = PBXFileReference; lastKnownFileType = sourcecode.swift; path = ForecastWeather.swift; sourceTree = "<group>"; };
		EA5770B92AE5A6BB008B93E4 /* WeatherViewModel.swift */ = {isa = PBXFileReference; lastKnownFileType = sourcecode.swift; path = WeatherViewModel.swift; sourceTree = "<group>"; };
		EA5770BB2AE5B716008B93E4 /* ObservableObject.swift */ = {isa = PBXFileReference; lastKnownFileType = sourcecode.swift; path = ObservableObject.swift; sourceTree = "<group>"; };
		EA61D5692AB0D02A0001CCC4 /* Weather.app */ = {isa = PBXFileReference; explicitFileType = wrapper.application; includeInIndex = 0; path = Weather.app; sourceTree = BUILT_PRODUCTS_DIR; };
		EA61D56C2AB0D02A0001CCC4 /* AppDelegate.swift */ = {isa = PBXFileReference; lastKnownFileType = sourcecode.swift; path = AppDelegate.swift; sourceTree = "<group>"; };
		EA61D56E2AB0D02A0001CCC4 /* SceneDelegate.swift */ = {isa = PBXFileReference; lastKnownFileType = sourcecode.swift; path = SceneDelegate.swift; sourceTree = "<group>"; };
		EA61D5702AB0D02A0001CCC4 /* WeatherViewController.swift */ = {isa = PBXFileReference; lastKnownFileType = sourcecode.swift; path = WeatherViewController.swift; sourceTree = "<group>"; };
		EA61D5732AB0D02A0001CCC4 /* Base */ = {isa = PBXFileReference; lastKnownFileType = file.storyboard; name = Base; path = Base.lproj/Main.storyboard; sourceTree = "<group>"; };
		EA61D5752AB0D02D0001CCC4 /* Assets.xcassets */ = {isa = PBXFileReference; lastKnownFileType = folder.assetcatalog; path = Assets.xcassets; sourceTree = "<group>"; };
		EA61D5782AB0D02D0001CCC4 /* Base */ = {isa = PBXFileReference; lastKnownFileType = file.storyboard; name = Base; path = Base.lproj/LaunchScreen.storyboard; sourceTree = "<group>"; };
		EA61D57A2AB0D02D0001CCC4 /* Info.plist */ = {isa = PBXFileReference; lastKnownFileType = text.plist.xml; path = Info.plist; sourceTree = "<group>"; };
		EA61D57F2AB0D02D0001CCC4 /* WeatherTests.xctest */ = {isa = PBXFileReference; explicitFileType = wrapper.cfbundle; includeInIndex = 0; path = WeatherTests.xctest; sourceTree = BUILT_PRODUCTS_DIR; };
		EA61D5832AB0D02D0001CCC4 /* WeatherTests.swift */ = {isa = PBXFileReference; lastKnownFileType = sourcecode.swift; path = WeatherTests.swift; sourceTree = "<group>"; };
		EA61D5892AB0D02D0001CCC4 /* WeatherUITests.xctest */ = {isa = PBXFileReference; explicitFileType = wrapper.cfbundle; includeInIndex = 0; path = WeatherUITests.xctest; sourceTree = BUILT_PRODUCTS_DIR; };
		EA61D58D2AB0D02D0001CCC4 /* WeatherUITests.swift */ = {isa = PBXFileReference; lastKnownFileType = sourcecode.swift; path = WeatherUITests.swift; sourceTree = "<group>"; };
		EA61D58F2AB0D02D0001CCC4 /* WeatherUITestsLaunchTests.swift */ = {isa = PBXFileReference; lastKnownFileType = sourcecode.swift; path = WeatherUITestsLaunchTests.swift; sourceTree = "<group>"; };
		EAC8A0CE2ABF7974001602C8 /* ForecastTableViewCell.swift */ = {isa = PBXFileReference; lastKnownFileType = sourcecode.swift; path = ForecastTableViewCell.swift; sourceTree = "<group>"; };
		EAC8A0CF2ABF7974001602C8 /* ForecastTableViewCell.xib */ = {isa = PBXFileReference; lastKnownFileType = file.xib; path = ForecastTableViewCell.xib; sourceTree = "<group>"; };
		EAC8A0D22ABF8B44001602C8 /* WeatherDetailsCollectionViewCell.swift */ = {isa = PBXFileReference; lastKnownFileType = sourcecode.swift; path = WeatherDetailsCollectionViewCell.swift; sourceTree = "<group>"; };
		EAC8A0D32ABF8B44001602C8 /* WeatherDetailsCollectionViewCell.xib */ = {isa = PBXFileReference; lastKnownFileType = file.xib; path = WeatherDetailsCollectionViewCell.xib; sourceTree = "<group>"; };
		FB167BD84C078AA94596EAEF /* Pods-WeatherTests.debug.xcconfig */ = {isa = PBXFileReference; includeInIndex = 1; lastKnownFileType = text.xcconfig; name = "Pods-WeatherTests.debug.xcconfig"; path = "Target Support Files/Pods-WeatherTests/Pods-WeatherTests.debug.xcconfig"; sourceTree = "<group>"; };
/* End PBXFileReference section */

/* Begin PBXFrameworksBuildPhase section */
		EA61D5662AB0D02A0001CCC4 /* Frameworks */ = {
			isa = PBXFrameworksBuildPhase;
			buildActionMask = 2147483647;
			files = (
				EA307EC72AC047E200F2901C /* Alamofire in Frameworks */,
				A990C9DC6201970408594015 /* Pods_Weather.framework in Frameworks */,
			);
			runOnlyForDeploymentPostprocessing = 0;
		};
		EA61D57C2AB0D02D0001CCC4 /* Frameworks */ = {
			isa = PBXFrameworksBuildPhase;
			buildActionMask = 2147483647;
			files = (
				ECBDA3FEB1FC051625174D9E /* Pods_WeatherTests.framework in Frameworks */,
			);
			runOnlyForDeploymentPostprocessing = 0;
		};
		EA61D5862AB0D02D0001CCC4 /* Frameworks */ = {
			isa = PBXFrameworksBuildPhase;
			buildActionMask = 2147483647;
			files = (
				8A883A918C7074E4D71A7492 /* Pods_Weather_WeatherUITests.framework in Frameworks */,
			);
			runOnlyForDeploymentPostprocessing = 0;
		};
/* End PBXFrameworksBuildPhase section */

/* Begin PBXGroup section */
		7AA2C8E53A5F04C92B270887 /* Pods */ = {
			isa = PBXGroup;
			children = (
				77BBD1E131083855755B52DC /* Pods-Weather.debug.xcconfig */,
				823FF4C128A0DAA4341F1582 /* Pods-Weather.release.xcconfig */,
				5ED06D60E1345536AA12D9D5 /* Pods-Weather-WeatherUITests.debug.xcconfig */,
				74356417DBD6E4ED9DD40470 /* Pods-Weather-WeatherUITests.release.xcconfig */,
				FB167BD84C078AA94596EAEF /* Pods-WeatherTests.debug.xcconfig */,
				4A813998DF492876D03406F2 /* Pods-WeatherTests.release.xcconfig */,
			);
			path = Pods;
			sourceTree = "<group>";
		};
		9888FD0F6786696E6ED0A8FB /* Frameworks */ = {
			isa = PBXGroup;
			children = (
				6557EC0AF7460A60A4227B61 /* Pods_Weather.framework */,
				B1901E743B0A0E7E35764BAB /* Pods_Weather_WeatherUITests.framework */,
				D2A28B50A4759D087A6B501A /* Pods_WeatherTests.framework */,
			);
			name = Frameworks;
			sourceTree = "<group>";
		};
		EA307EC82AC04B6400F2901C /* Controllers */ = {
			isa = PBXGroup;
			children = (
				EA61D5702AB0D02A0001CCC4 /* WeatherViewController.swift */,
				EA307ED42AC09AD300F2901C /* SettingsViewController.swift */,
			);
			path = Controllers;
			sourceTree = "<group>";
		};
		EA307EC92AC04B8500F2901C /* Cells */ = {
			isa = PBXGroup;
			children = (
				EA2AABCF2ABEEA9A008C62AE /* HourlyTableViewCell.swift */,
				EA2AABD02ABEEA9A008C62AE /* HourlyTableViewCell.xib */,
				EA2AABD72ABF0DCE008C62AE /* HourlyCollectionViewCell.swift */,
				EA2AABD82ABF0DCE008C62AE /* HourlyCollectionViewCell.xib */,
				EAC8A0CE2ABF7974001602C8 /* ForecastTableViewCell.swift */,
				EAC8A0CF2ABF7974001602C8 /* ForecastTableViewCell.xib */,
				EAC8A0D22ABF8B44001602C8 /* WeatherDetailsCollectionViewCell.swift */,
				EAC8A0D32ABF8B44001602C8 /* WeatherDetailsCollectionViewCell.xib */,
				EA307ED62AC0A8AF00F2901C /* SettingsTableViewCell.swift */,
				EA307ED72AC0A8AF00F2901C /* SettingsTableViewCell.xib */,
			);
			path = Cells;
			sourceTree = "<group>";
		};
		EA307ECA2AC04BC600F2901C /* Models */ = {
			isa = PBXGroup;
			children = (
				EA307ECF2AC06AC100F2901C /* WeatherResponces.swift */,
				EA307ECB2AC04C0300F2901C /* WeatherLocation.swift */,
				EA307ECD2AC04F4200F2901C /* CurrentWeather.swift */,
				EA5770B62AE5818B008B93E4 /* ForecastWeather.swift */,
			);
			path = Models;
			sourceTree = "<group>";
		};
		EA307ED32AC08B1100F2901C /* Services */ = {
			isa = PBXGroup;
			children = (
				EA307ED12AC08AF700F2901C /* Settings.swift */,
				EA290DD52AC9F9A60072267A /* ValuesAdapter.swift */,
				EA290DD12AC9F6EC0072267A /* WeatherApiWorker.swift */,
				EA5770BB2AE5B716008B93E4 /* ObservableObject.swift */,
			);
			path = Services;
			sourceTree = "<group>";
		};
		EA5770B82AE5A69C008B93E4 /* ViewModels */ = {
			isa = PBXGroup;
			children = (
				EA5770B92AE5A6BB008B93E4 /* WeatherViewModel.swift */,
			);
			path = ViewModels;
			sourceTree = "<group>";
		};
		EA61D5602AB0D02A0001CCC4 = {
			isa = PBXGroup;
			children = (
				EA61D56B2AB0D02A0001CCC4 /* Weather */,
				EA61D5822AB0D02D0001CCC4 /* WeatherTests */,
				EA61D58C2AB0D02D0001CCC4 /* WeatherUITests */,
				EA61D56A2AB0D02A0001CCC4 /* Products */,
				7AA2C8E53A5F04C92B270887 /* Pods */,
				9888FD0F6786696E6ED0A8FB /* Frameworks */,
			);
			sourceTree = "<group>";
		};
		EA61D56A2AB0D02A0001CCC4 /* Products */ = {
			isa = PBXGroup;
			children = (
				EA61D5692AB0D02A0001CCC4 /* Weather.app */,
				EA61D57F2AB0D02D0001CCC4 /* WeatherTests.xctest */,
				EA61D5892AB0D02D0001CCC4 /* WeatherUITests.xctest */,
			);
			name = Products;
			sourceTree = "<group>";
		};
		EA61D56B2AB0D02A0001CCC4 /* Weather */ = {
			isa = PBXGroup;
			children = (
				EA61D56C2AB0D02A0001CCC4 /* AppDelegate.swift */,
				EA61D56E2AB0D02A0001CCC4 /* SceneDelegate.swift */,
				EA5770B82AE5A69C008B93E4 /* ViewModels */,
				EA307EC82AC04B6400F2901C /* Controllers */,
				EA307EC92AC04B8500F2901C /* Cells */,
				EA307ECA2AC04BC600F2901C /* Models */,
				EA307ED32AC08B1100F2901C /* Services */,
				EA61D5722AB0D02A0001CCC4 /* Main.storyboard */,
				EA61D5752AB0D02D0001CCC4 /* Assets.xcassets */,
				EA61D5772AB0D02D0001CCC4 /* LaunchScreen.storyboard */,
				EA61D57A2AB0D02D0001CCC4 /* Info.plist */,
			);
			path = Weather;
			sourceTree = "<group>";
		};
		EA61D5822AB0D02D0001CCC4 /* WeatherTests */ = {
			isa = PBXGroup;
			children = (
				EA61D5832AB0D02D0001CCC4 /* WeatherTests.swift */,
			);
			path = WeatherTests;
			sourceTree = "<group>";
		};
		EA61D58C2AB0D02D0001CCC4 /* WeatherUITests */ = {
			isa = PBXGroup;
			children = (
				EA61D58D2AB0D02D0001CCC4 /* WeatherUITests.swift */,
				EA61D58F2AB0D02D0001CCC4 /* WeatherUITestsLaunchTests.swift */,
			);
			path = WeatherUITests;
			sourceTree = "<group>";
		};
/* End PBXGroup section */

/* Begin PBXNativeTarget section */
		EA61D5682AB0D02A0001CCC4 /* Weather */ = {
			isa = PBXNativeTarget;
			buildConfigurationList = EA61D5932AB0D02D0001CCC4 /* Build configuration list for PBXNativeTarget "Weather" */;
			buildPhases = (
				1F5204D6CF9C0994BA8332BF /* [CP] Check Pods Manifest.lock */,
				EA61D5652AB0D02A0001CCC4 /* Sources */,
				EA61D5662AB0D02A0001CCC4 /* Frameworks */,
				EA61D5672AB0D02A0001CCC4 /* Resources */,
				2E20F83463840276A7FA0CFB /* [CP] Embed Pods Frameworks */,
			);
			buildRules = (
			);
			dependencies = (
			);
			name = Weather;
			packageProductDependencies = (
				EA307EC62AC047E200F2901C /* Alamofire */,
			);
			productName = Weather;
			productReference = EA61D5692AB0D02A0001CCC4 /* Weather.app */;
			productType = "com.apple.product-type.application";
		};
		EA61D57E2AB0D02D0001CCC4 /* WeatherTests */ = {
			isa = PBXNativeTarget;
			buildConfigurationList = EA61D5962AB0D02D0001CCC4 /* Build configuration list for PBXNativeTarget "WeatherTests" */;
			buildPhases = (
				07F4E57C2A4F3F754C819C38 /* [CP] Check Pods Manifest.lock */,
				EA61D57B2AB0D02D0001CCC4 /* Sources */,
				EA61D57C2AB0D02D0001CCC4 /* Frameworks */,
				EA61D57D2AB0D02D0001CCC4 /* Resources */,
			);
			buildRules = (
			);
			dependencies = (
				EA61D5812AB0D02D0001CCC4 /* PBXTargetDependency */,
			);
			name = WeatherTests;
			productName = WeatherTests;
			productReference = EA61D57F2AB0D02D0001CCC4 /* WeatherTests.xctest */;
			productType = "com.apple.product-type.bundle.unit-test";
		};
		EA61D5882AB0D02D0001CCC4 /* WeatherUITests */ = {
			isa = PBXNativeTarget;
			buildConfigurationList = EA61D5992AB0D02D0001CCC4 /* Build configuration list for PBXNativeTarget "WeatherUITests" */;
			buildPhases = (
				93D9A5993C84F93E9E5B3AAE /* [CP] Check Pods Manifest.lock */,
				EA61D5852AB0D02D0001CCC4 /* Sources */,
				EA61D5862AB0D02D0001CCC4 /* Frameworks */,
				EA61D5872AB0D02D0001CCC4 /* Resources */,
				4F854C71029AE73EF38FB833 /* [CP] Embed Pods Frameworks */,
			);
			buildRules = (
			);
			dependencies = (
				EA61D58B2AB0D02D0001CCC4 /* PBXTargetDependency */,
			);
			name = WeatherUITests;
			productName = WeatherUITests;
			productReference = EA61D5892AB0D02D0001CCC4 /* WeatherUITests.xctest */;
			productType = "com.apple.product-type.bundle.ui-testing";
		};
/* End PBXNativeTarget section */

/* Begin PBXProject section */
		EA61D5612AB0D02A0001CCC4 /* Project object */ = {
			isa = PBXProject;
			attributes = {
				BuildIndependentTargetsInParallel = 1;
				LastSwiftUpdateCheck = 1430;
				LastUpgradeCheck = 1430;
				TargetAttributes = {
					EA61D5682AB0D02A0001CCC4 = {
						CreatedOnToolsVersion = 14.3.1;
					};
					EA61D57E2AB0D02D0001CCC4 = {
						CreatedOnToolsVersion = 14.3.1;
						TestTargetID = EA61D5682AB0D02A0001CCC4;
					};
					EA61D5882AB0D02D0001CCC4 = {
						CreatedOnToolsVersion = 14.3.1;
						TestTargetID = EA61D5682AB0D02A0001CCC4;
					};
				};
			};
			buildConfigurationList = EA61D5642AB0D02A0001CCC4 /* Build configuration list for PBXProject "Weather" */;
			compatibilityVersion = "Xcode 14.0";
			developmentRegion = en;
			hasScannedForEncodings = 0;
			knownRegions = (
				en,
				Base,
			);
			mainGroup = EA61D5602AB0D02A0001CCC4;
			packageReferences = (
				EA307EC52AC047E200F2901C /* XCRemoteSwiftPackageReference "Alamofire" */,
			);
			productRefGroup = EA61D56A2AB0D02A0001CCC4 /* Products */;
			projectDirPath = "";
			projectRoot = "";
			targets = (
				EA61D5682AB0D02A0001CCC4 /* Weather */,
				EA61D57E2AB0D02D0001CCC4 /* WeatherTests */,
				EA61D5882AB0D02D0001CCC4 /* WeatherUITests */,
			);
		};
/* End PBXProject section */

/* Begin PBXResourcesBuildPhase section */
		EA61D5672AB0D02A0001CCC4 /* Resources */ = {
			isa = PBXResourcesBuildPhase;
			buildActionMask = 2147483647;
			files = (
				EA61D5792AB0D02D0001CCC4 /* LaunchScreen.storyboard in Resources */,
				EA61D5762AB0D02D0001CCC4 /* Assets.xcassets in Resources */,
				EAC8A0D12ABF7974001602C8 /* ForecastTableViewCell.xib in Resources */,
				EA2AABD22ABEEA9A008C62AE /* HourlyTableViewCell.xib in Resources */,
				EA61D5742AB0D02A0001CCC4 /* Main.storyboard in Resources */,
				EAC8A0D52ABF8B44001602C8 /* WeatherDetailsCollectionViewCell.xib in Resources */,
				EA307ED92AC0A8AF00F2901C /* SettingsTableViewCell.xib in Resources */,
				EA2AABDA2ABF0DCE008C62AE /* HourlyCollectionViewCell.xib in Resources */,
			);
			runOnlyForDeploymentPostprocessing = 0;
		};
		EA61D57D2AB0D02D0001CCC4 /* Resources */ = {
			isa = PBXResourcesBuildPhase;
			buildActionMask = 2147483647;
			files = (
			);
			runOnlyForDeploymentPostprocessing = 0;
		};
		EA61D5872AB0D02D0001CCC4 /* Resources */ = {
			isa = PBXResourcesBuildPhase;
			buildActionMask = 2147483647;
			files = (
			);
			runOnlyForDeploymentPostprocessing = 0;
		};
/* End PBXResourcesBuildPhase section */

/* Begin PBXShellScriptBuildPhase section */
		07F4E57C2A4F3F754C819C38 /* [CP] Check Pods Manifest.lock */ = {
			isa = PBXShellScriptBuildPhase;
			buildActionMask = 2147483647;
			files = (
			);
			inputFileListPaths = (
			);
			inputPaths = (
				"${PODS_PODFILE_DIR_PATH}/Podfile.lock",
				"${PODS_ROOT}/Manifest.lock",
			);
			name = "[CP] Check Pods Manifest.lock";
			outputFileListPaths = (
			);
			outputPaths = (
				"$(DERIVED_FILE_DIR)/Pods-WeatherTests-checkManifestLockResult.txt",
			);
			runOnlyForDeploymentPostprocessing = 0;
			shellPath = /bin/sh;
			shellScript = "diff \"${PODS_PODFILE_DIR_PATH}/Podfile.lock\" \"${PODS_ROOT}/Manifest.lock\" > /dev/null\nif [ $? != 0 ] ; then\n    # print error to STDERR\n    echo \"error: The sandbox is not in sync with the Podfile.lock. Run 'pod install' or update your CocoaPods installation.\" >&2\n    exit 1\nfi\n# This output is used by Xcode 'outputs' to avoid re-running this script phase.\necho \"SUCCESS\" > \"${SCRIPT_OUTPUT_FILE_0}\"\n";
			showEnvVarsInLog = 0;
		};
		1F5204D6CF9C0994BA8332BF /* [CP] Check Pods Manifest.lock */ = {
			isa = PBXShellScriptBuildPhase;
			buildActionMask = 2147483647;
			files = (
			);
			inputFileListPaths = (
			);
			inputPaths = (
				"${PODS_PODFILE_DIR_PATH}/Podfile.lock",
				"${PODS_ROOT}/Manifest.lock",
			);
			name = "[CP] Check Pods Manifest.lock";
			outputFileListPaths = (
			);
			outputPaths = (
				"$(DERIVED_FILE_DIR)/Pods-Weather-checkManifestLockResult.txt",
			);
			runOnlyForDeploymentPostprocessing = 0;
			shellPath = /bin/sh;
			shellScript = "diff \"${PODS_PODFILE_DIR_PATH}/Podfile.lock\" \"${PODS_ROOT}/Manifest.lock\" > /dev/null\nif [ $? != 0 ] ; then\n    # print error to STDERR\n    echo \"error: The sandbox is not in sync with the Podfile.lock. Run 'pod install' or update your CocoaPods installation.\" >&2\n    exit 1\nfi\n# This output is used by Xcode 'outputs' to avoid re-running this script phase.\necho \"SUCCESS\" > \"${SCRIPT_OUTPUT_FILE_0}\"\n";
			showEnvVarsInLog = 0;
		};
		2E20F83463840276A7FA0CFB /* [CP] Embed Pods Frameworks */ = {
			isa = PBXShellScriptBuildPhase;
			buildActionMask = 2147483647;
			files = (
			);
			inputFileListPaths = (
				"${PODS_ROOT}/Target Support Files/Pods-Weather/Pods-Weather-frameworks-${CONFIGURATION}-input-files.xcfilelist",
			);
			name = "[CP] Embed Pods Frameworks";
			outputFileListPaths = (
				"${PODS_ROOT}/Target Support Files/Pods-Weather/Pods-Weather-frameworks-${CONFIGURATION}-output-files.xcfilelist",
			);
			runOnlyForDeploymentPostprocessing = 0;
			shellPath = /bin/sh;
			shellScript = "\"${PODS_ROOT}/Target Support Files/Pods-Weather/Pods-Weather-frameworks.sh\"\n";
			showEnvVarsInLog = 0;
		};
		4F854C71029AE73EF38FB833 /* [CP] Embed Pods Frameworks */ = {
			isa = PBXShellScriptBuildPhase;
			buildActionMask = 2147483647;
			files = (
			);
			inputFileListPaths = (
				"${PODS_ROOT}/Target Support Files/Pods-Weather-WeatherUITests/Pods-Weather-WeatherUITests-frameworks-${CONFIGURATION}-input-files.xcfilelist",
			);
			name = "[CP] Embed Pods Frameworks";
			outputFileListPaths = (
				"${PODS_ROOT}/Target Support Files/Pods-Weather-WeatherUITests/Pods-Weather-WeatherUITests-frameworks-${CONFIGURATION}-output-files.xcfilelist",
			);
			runOnlyForDeploymentPostprocessing = 0;
			shellPath = /bin/sh;
			shellScript = "\"${PODS_ROOT}/Target Support Files/Pods-Weather-WeatherUITests/Pods-Weather-WeatherUITests-frameworks.sh\"\n";
			showEnvVarsInLog = 0;
		};
		93D9A5993C84F93E9E5B3AAE /* [CP] Check Pods Manifest.lock */ = {
			isa = PBXShellScriptBuildPhase;
			buildActionMask = 2147483647;
			files = (
			);
			inputFileListPaths = (
			);
			inputPaths = (
				"${PODS_PODFILE_DIR_PATH}/Podfile.lock",
				"${PODS_ROOT}/Manifest.lock",
			);
			name = "[CP] Check Pods Manifest.lock";
			outputFileListPaths = (
			);
			outputPaths = (
				"$(DERIVED_FILE_DIR)/Pods-Weather-WeatherUITests-checkManifestLockResult.txt",
			);
			runOnlyForDeploymentPostprocessing = 0;
			shellPath = /bin/sh;
			shellScript = "diff \"${PODS_PODFILE_DIR_PATH}/Podfile.lock\" \"${PODS_ROOT}/Manifest.lock\" > /dev/null\nif [ $? != 0 ] ; then\n    # print error to STDERR\n    echo \"error: The sandbox is not in sync with the Podfile.lock. Run 'pod install' or update your CocoaPods installation.\" >&2\n    exit 1\nfi\n# This output is used by Xcode 'outputs' to avoid re-running this script phase.\necho \"SUCCESS\" > \"${SCRIPT_OUTPUT_FILE_0}\"\n";
			showEnvVarsInLog = 0;
		};
/* End PBXShellScriptBuildPhase section */

/* Begin PBXSourcesBuildPhase section */
		EA61D5652AB0D02A0001CCC4 /* Sources */ = {
			isa = PBXSourcesBuildPhase;
			buildActionMask = 2147483647;
			files = (
				EAC8A0D42ABF8B44001602C8 /* WeatherDetailsCollectionViewCell.swift in Sources */,
				EA5770BA2AE5A6BB008B93E4 /* WeatherViewModel.swift in Sources */,
				EA61D5712AB0D02A0001CCC4 /* WeatherViewController.swift in Sources */,
				EA5770B72AE5818B008B93E4 /* ForecastWeather.swift in Sources */,
				EA307ECC2AC04C0300F2901C /* WeatherLocation.swift in Sources */,
				EA61D56D2AB0D02A0001CCC4 /* AppDelegate.swift in Sources */,
				EA2AABD12ABEEA9A008C62AE /* HourlyTableViewCell.swift in Sources */,
				EA307ED82AC0A8AF00F2901C /* SettingsTableViewCell.swift in Sources */,
				EA307ED02AC06AC100F2901C /* WeatherResponces.swift in Sources */,
				EA290DD22AC9F6EC0072267A /* WeatherApiWorker.swift in Sources */,
				EAC8A0D02ABF7974001602C8 /* ForecastTableViewCell.swift in Sources */,
				EA61D56F2AB0D02A0001CCC4 /* SceneDelegate.swift in Sources */,
				EA2AABD92ABF0DCE008C62AE /* HourlyCollectionViewCell.swift in Sources */,
				EA5770BC2AE5B716008B93E4 /* ObservableObject.swift in Sources */,
				EA307ED22AC08AF700F2901C /* Settings.swift in Sources */,
				EA307ECE2AC04F4200F2901C /* CurrentWeather.swift in Sources */,
				EA307ED52AC09AD300F2901C /* SettingsViewController.swift in Sources */,
				EA290DD62AC9F9A60072267A /* ValuesAdapter.swift in Sources */,
			);
			runOnlyForDeploymentPostprocessing = 0;
		};
		EA61D57B2AB0D02D0001CCC4 /* Sources */ = {
			isa = PBXSourcesBuildPhase;
			buildActionMask = 2147483647;
			files = (
				EA61D5842AB0D02D0001CCC4 /* WeatherTests.swift in Sources */,
			);
			runOnlyForDeploymentPostprocessing = 0;
		};
		EA61D5852AB0D02D0001CCC4 /* Sources */ = {
			isa = PBXSourcesBuildPhase;
			buildActionMask = 2147483647;
			files = (
				EA61D58E2AB0D02D0001CCC4 /* WeatherUITests.swift in Sources */,
				EA61D5902AB0D02D0001CCC4 /* WeatherUITestsLaunchTests.swift in Sources */,
			);
			runOnlyForDeploymentPostprocessing = 0;
		};
/* End PBXSourcesBuildPhase section */

/* Begin PBXTargetDependency section */
		EA61D5812AB0D02D0001CCC4 /* PBXTargetDependency */ = {
			isa = PBXTargetDependency;
			target = EA61D5682AB0D02A0001CCC4 /* Weather */;
			targetProxy = EA61D5802AB0D02D0001CCC4 /* PBXContainerItemProxy */;
		};
		EA61D58B2AB0D02D0001CCC4 /* PBXTargetDependency */ = {
			isa = PBXTargetDependency;
			target = EA61D5682AB0D02A0001CCC4 /* Weather */;
			targetProxy = EA61D58A2AB0D02D0001CCC4 /* PBXContainerItemProxy */;
		};
/* End PBXTargetDependency section */

/* Begin PBXVariantGroup section */
		EA61D5722AB0D02A0001CCC4 /* Main.storyboard */ = {
			isa = PBXVariantGroup;
			children = (
				EA61D5732AB0D02A0001CCC4 /* Base */,
			);
			name = Main.storyboard;
			sourceTree = "<group>";
		};
		EA61D5772AB0D02D0001CCC4 /* LaunchScreen.storyboard */ = {
			isa = PBXVariantGroup;
			children = (
				EA61D5782AB0D02D0001CCC4 /* Base */,
			);
			name = LaunchScreen.storyboard;
			sourceTree = "<group>";
		};
/* End PBXVariantGroup section */

/* Begin XCBuildConfiguration section */
		EA61D5912AB0D02D0001CCC4 /* Debug */ = {
			isa = XCBuildConfiguration;
			buildSettings = {
				ALWAYS_SEARCH_USER_PATHS = NO;
				CLANG_ANALYZER_NONNULL = YES;
				CLANG_ANALYZER_NUMBER_OBJECT_CONVERSION = YES_AGGRESSIVE;
				CLANG_CXX_LANGUAGE_STANDARD = "gnu++20";
				CLANG_ENABLE_MODULES = YES;
				CLANG_ENABLE_OBJC_ARC = YES;
				CLANG_ENABLE_OBJC_WEAK = YES;
				CLANG_WARN_BLOCK_CAPTURE_AUTORELEASING = YES;
				CLANG_WARN_BOOL_CONVERSION = YES;
				CLANG_WARN_COMMA = YES;
				CLANG_WARN_CONSTANT_CONVERSION = YES;
				CLANG_WARN_DEPRECATED_OBJC_IMPLEMENTATIONS = YES;
				CLANG_WARN_DIRECT_OBJC_ISA_USAGE = YES_ERROR;
				CLANG_WARN_DOCUMENTATION_COMMENTS = YES;
				CLANG_WARN_EMPTY_BODY = YES;
				CLANG_WARN_ENUM_CONVERSION = YES;
				CLANG_WARN_INFINITE_RECURSION = YES;
				CLANG_WARN_INT_CONVERSION = YES;
				CLANG_WARN_NON_LITERAL_NULL_CONVERSION = YES;
				CLANG_WARN_OBJC_IMPLICIT_RETAIN_SELF = YES;
				CLANG_WARN_OBJC_LITERAL_CONVERSION = YES;
				CLANG_WARN_OBJC_ROOT_CLASS = YES_ERROR;
				CLANG_WARN_QUOTED_INCLUDE_IN_FRAMEWORK_HEADER = YES;
				CLANG_WARN_RANGE_LOOP_ANALYSIS = YES;
				CLANG_WARN_STRICT_PROTOTYPES = YES;
				CLANG_WARN_SUSPICIOUS_MOVE = YES;
				CLANG_WARN_UNGUARDED_AVAILABILITY = YES_AGGRESSIVE;
				CLANG_WARN_UNREACHABLE_CODE = YES;
				CLANG_WARN__DUPLICATE_METHOD_MATCH = YES;
				COPY_PHASE_STRIP = NO;
				DEBUG_INFORMATION_FORMAT = dwarf;
				ENABLE_STRICT_OBJC_MSGSEND = YES;
				ENABLE_TESTABILITY = YES;
				GCC_C_LANGUAGE_STANDARD = gnu11;
				GCC_DYNAMIC_NO_PIC = NO;
				GCC_NO_COMMON_BLOCKS = YES;
				GCC_OPTIMIZATION_LEVEL = 0;
				GCC_PREPROCESSOR_DEFINITIONS = (
					"DEBUG=1",
					"$(inherited)",
				);
				GCC_WARN_64_TO_32_BIT_CONVERSION = YES;
				GCC_WARN_ABOUT_RETURN_TYPE = YES_ERROR;
				GCC_WARN_UNDECLARED_SELECTOR = YES;
				GCC_WARN_UNINITIALIZED_AUTOS = YES_AGGRESSIVE;
				GCC_WARN_UNUSED_FUNCTION = YES;
				GCC_WARN_UNUSED_VARIABLE = YES;
				IPHONEOS_DEPLOYMENT_TARGET = 16.4;
				MTL_ENABLE_DEBUG_INFO = INCLUDE_SOURCE;
				MTL_FAST_MATH = YES;
				ONLY_ACTIVE_ARCH = YES;
				SDKROOT = iphoneos;
				SWIFT_ACTIVE_COMPILATION_CONDITIONS = DEBUG;
				SWIFT_OPTIMIZATION_LEVEL = "-Onone";
			};
			name = Debug;
		};
		EA61D5922AB0D02D0001CCC4 /* Release */ = {
			isa = XCBuildConfiguration;
			buildSettings = {
				ALWAYS_SEARCH_USER_PATHS = NO;
				CLANG_ANALYZER_NONNULL = YES;
				CLANG_ANALYZER_NUMBER_OBJECT_CONVERSION = YES_AGGRESSIVE;
				CLANG_CXX_LANGUAGE_STANDARD = "gnu++20";
				CLANG_ENABLE_MODULES = YES;
				CLANG_ENABLE_OBJC_ARC = YES;
				CLANG_ENABLE_OBJC_WEAK = YES;
				CLANG_WARN_BLOCK_CAPTURE_AUTORELEASING = YES;
				CLANG_WARN_BOOL_CONVERSION = YES;
				CLANG_WARN_COMMA = YES;
				CLANG_WARN_CONSTANT_CONVERSION = YES;
				CLANG_WARN_DEPRECATED_OBJC_IMPLEMENTATIONS = YES;
				CLANG_WARN_DIRECT_OBJC_ISA_USAGE = YES_ERROR;
				CLANG_WARN_DOCUMENTATION_COMMENTS = YES;
				CLANG_WARN_EMPTY_BODY = YES;
				CLANG_WARN_ENUM_CONVERSION = YES;
				CLANG_WARN_INFINITE_RECURSION = YES;
				CLANG_WARN_INT_CONVERSION = YES;
				CLANG_WARN_NON_LITERAL_NULL_CONVERSION = YES;
				CLANG_WARN_OBJC_IMPLICIT_RETAIN_SELF = YES;
				CLANG_WARN_OBJC_LITERAL_CONVERSION = YES;
				CLANG_WARN_OBJC_ROOT_CLASS = YES_ERROR;
				CLANG_WARN_QUOTED_INCLUDE_IN_FRAMEWORK_HEADER = YES;
				CLANG_WARN_RANGE_LOOP_ANALYSIS = YES;
				CLANG_WARN_STRICT_PROTOTYPES = YES;
				CLANG_WARN_SUSPICIOUS_MOVE = YES;
				CLANG_WARN_UNGUARDED_AVAILABILITY = YES_AGGRESSIVE;
				CLANG_WARN_UNREACHABLE_CODE = YES;
				CLANG_WARN__DUPLICATE_METHOD_MATCH = YES;
				COPY_PHASE_STRIP = NO;
				DEBUG_INFORMATION_FORMAT = "dwarf-with-dsym";
				ENABLE_NS_ASSERTIONS = NO;
				ENABLE_STRICT_OBJC_MSGSEND = YES;
				GCC_C_LANGUAGE_STANDARD = gnu11;
				GCC_NO_COMMON_BLOCKS = YES;
				GCC_WARN_64_TO_32_BIT_CONVERSION = YES;
				GCC_WARN_ABOUT_RETURN_TYPE = YES_ERROR;
				GCC_WARN_UNDECLARED_SELECTOR = YES;
				GCC_WARN_UNINITIALIZED_AUTOS = YES_AGGRESSIVE;
				GCC_WARN_UNUSED_FUNCTION = YES;
				GCC_WARN_UNUSED_VARIABLE = YES;
				IPHONEOS_DEPLOYMENT_TARGET = 16.4;
				MTL_ENABLE_DEBUG_INFO = NO;
				MTL_FAST_MATH = YES;
				SDKROOT = iphoneos;
				SWIFT_COMPILATION_MODE = wholemodule;
				SWIFT_OPTIMIZATION_LEVEL = "-O";
				VALIDATE_PRODUCT = YES;
			};
			name = Release;
		};
		EA61D5942AB0D02D0001CCC4 /* Debug */ = {
			isa = XCBuildConfiguration;
			baseConfigurationReference = 77BBD1E131083855755B52DC /* Pods-Weather.debug.xcconfig */;
			buildSettings = {
				ASSETCATALOG_COMPILER_APPICON_NAME = AppIcon;
				ASSETCATALOG_COMPILER_GLOBAL_ACCENT_COLOR_NAME = AccentColor;
				CODE_SIGN_STYLE = Automatic;
				CURRENT_PROJECT_VERSION = 1;
				DEVELOPMENT_TEAM = 3QBZ3X93DR;
				GENERATE_INFOPLIST_FILE = YES;
				INFOPLIST_FILE = Weather/Info.plist;
				INFOPLIST_KEY_UIApplicationSupportsIndirectInputEvents = YES;
				INFOPLIST_KEY_UILaunchStoryboardName = LaunchScreen;
				INFOPLIST_KEY_UIMainStoryboardFile = Main;
				INFOPLIST_KEY_UISupportedInterfaceOrientations_iPad = "UIInterfaceOrientationPortrait UIInterfaceOrientationPortraitUpsideDown UIInterfaceOrientationLandscapeLeft UIInterfaceOrientationLandscapeRight";
				INFOPLIST_KEY_UISupportedInterfaceOrientations_iPhone = "UIInterfaceOrientationPortrait UIInterfaceOrientationLandscapeLeft UIInterfaceOrientationLandscapeRight";
				IPHONEOS_DEPLOYMENT_TARGET = 16.4;
				LD_RUNPATH_SEARCH_PATHS = (
					"$(inherited)",
					"@executable_path/Frameworks",
				);
				MARKETING_VERSION = 1.0;
				PRODUCT_BUNDLE_IDENTIFIER = com.valentyna.Weather;
				PRODUCT_NAME = "$(TARGET_NAME)";
				SWIFT_EMIT_LOC_STRINGS = YES;
				SWIFT_VERSION = 5.0;
				TARGETED_DEVICE_FAMILY = "1,2";
			};
			name = Debug;
		};
		EA61D5952AB0D02D0001CCC4 /* Release */ = {
			isa = XCBuildConfiguration;
			baseConfigurationReference = 823FF4C128A0DAA4341F1582 /* Pods-Weather.release.xcconfig */;
			buildSettings = {
				ASSETCATALOG_COMPILER_APPICON_NAME = AppIcon;
				ASSETCATALOG_COMPILER_GLOBAL_ACCENT_COLOR_NAME = AccentColor;
				CODE_SIGN_STYLE = Automatic;
				CURRENT_PROJECT_VERSION = 1;
				DEVELOPMENT_TEAM = 3QBZ3X93DR;
				GENERATE_INFOPLIST_FILE = YES;
				INFOPLIST_FILE = Weather/Info.plist;
				INFOPLIST_KEY_UIApplicationSupportsIndirectInputEvents = YES;
				INFOPLIST_KEY_UILaunchStoryboardName = LaunchScreen;
				INFOPLIST_KEY_UIMainStoryboardFile = Main;
				INFOPLIST_KEY_UISupportedInterfaceOrientations_iPad = "UIInterfaceOrientationPortrait UIInterfaceOrientationPortraitUpsideDown UIInterfaceOrientationLandscapeLeft UIInterfaceOrientationLandscapeRight";
				INFOPLIST_KEY_UISupportedInterfaceOrientations_iPhone = "UIInterfaceOrientationPortrait UIInterfaceOrientationLandscapeLeft UIInterfaceOrientationLandscapeRight";
				IPHONEOS_DEPLOYMENT_TARGET = 16.4;
				LD_RUNPATH_SEARCH_PATHS = (
					"$(inherited)",
					"@executable_path/Frameworks",
				);
				MARKETING_VERSION = 1.0;
				PRODUCT_BUNDLE_IDENTIFIER = com.valentyna.Weather;
				PRODUCT_NAME = "$(TARGET_NAME)";
				SWIFT_EMIT_LOC_STRINGS = YES;
				SWIFT_VERSION = 5.0;
				TARGETED_DEVICE_FAMILY = "1,2";
			};
			name = Release;
		};
		EA61D5972AB0D02D0001CCC4 /* Debug */ = {
			isa = XCBuildConfiguration;
			baseConfigurationReference = FB167BD84C078AA94596EAEF /* Pods-WeatherTests.debug.xcconfig */;
			buildSettings = {
				ALWAYS_EMBED_SWIFT_STANDARD_LIBRARIES = YES;
				BUNDLE_LOADER = "$(TEST_HOST)";
				CODE_SIGN_STYLE = Automatic;
				CURRENT_PROJECT_VERSION = 1;
				DEVELOPMENT_TEAM = 3QBZ3X93DR;
				GENERATE_INFOPLIST_FILE = YES;
				IPHONEOS_DEPLOYMENT_TARGET = 16.4;
				MARKETING_VERSION = 1.0;
				PRODUCT_BUNDLE_IDENTIFIER = com.valentyna.WeatherTests;
				PRODUCT_NAME = "$(TARGET_NAME)";
				SWIFT_EMIT_LOC_STRINGS = NO;
				SWIFT_VERSION = 5.0;
				TARGETED_DEVICE_FAMILY = "1,2";
				TEST_HOST = "$(BUILT_PRODUCTS_DIR)/Weather.app/$(BUNDLE_EXECUTABLE_FOLDER_PATH)/Weather";
			};
			name = Debug;
		};
		EA61D5982AB0D02D0001CCC4 /* Release */ = {
			isa = XCBuildConfiguration;
			baseConfigurationReference = 4A813998DF492876D03406F2 /* Pods-WeatherTests.release.xcconfig */;
			buildSettings = {
				ALWAYS_EMBED_SWIFT_STANDARD_LIBRARIES = YES;
				BUNDLE_LOADER = "$(TEST_HOST)";
				CODE_SIGN_STYLE = Automatic;
				CURRENT_PROJECT_VERSION = 1;
				DEVELOPMENT_TEAM = 3QBZ3X93DR;
				GENERATE_INFOPLIST_FILE = YES;
				IPHONEOS_DEPLOYMENT_TARGET = 16.4;
				MARKETING_VERSION = 1.0;
				PRODUCT_BUNDLE_IDENTIFIER = com.valentyna.WeatherTests;
				PRODUCT_NAME = "$(TARGET_NAME)";
				SWIFT_EMIT_LOC_STRINGS = NO;
				SWIFT_VERSION = 5.0;
				TARGETED_DEVICE_FAMILY = "1,2";
				TEST_HOST = "$(BUILT_PRODUCTS_DIR)/Weather.app/$(BUNDLE_EXECUTABLE_FOLDER_PATH)/Weather";
			};
			name = Release;
		};
		EA61D59A2AB0D02D0001CCC4 /* Debug */ = {
			isa = XCBuildConfiguration;
			baseConfigurationReference = 5ED06D60E1345536AA12D9D5 /* Pods-Weather-WeatherUITests.debug.xcconfig */;
			buildSettings = {
				ALWAYS_EMBED_SWIFT_STANDARD_LIBRARIES = YES;
				CODE_SIGN_STYLE = Automatic;
				CURRENT_PROJECT_VERSION = 1;
				DEVELOPMENT_TEAM = 3QBZ3X93DR;
				GENERATE_INFOPLIST_FILE = YES;
				MARKETING_VERSION = 1.0;
				PRODUCT_BUNDLE_IDENTIFIER = com.valentyna.WeatherUITests;
				PRODUCT_NAME = "$(TARGET_NAME)";
				SWIFT_EMIT_LOC_STRINGS = NO;
				SWIFT_VERSION = 5.0;
				TARGETED_DEVICE_FAMILY = "1,2";
				TEST_TARGET_NAME = Weather;
			};
			name = Debug;
		};
		EA61D59B2AB0D02D0001CCC4 /* Release */ = {
			isa = XCBuildConfiguration;
			baseConfigurationReference = 74356417DBD6E4ED9DD40470 /* Pods-Weather-WeatherUITests.release.xcconfig */;
			buildSettings = {
				ALWAYS_EMBED_SWIFT_STANDARD_LIBRARIES = YES;
				CODE_SIGN_STYLE = Automatic;
				CURRENT_PROJECT_VERSION = 1;
				DEVELOPMENT_TEAM = 3QBZ3X93DR;
				GENERATE_INFOPLIST_FILE = YES;
				MARKETING_VERSION = 1.0;
				PRODUCT_BUNDLE_IDENTIFIER = com.valentyna.WeatherUITests;
				PRODUCT_NAME = "$(TARGET_NAME)";
				SWIFT_EMIT_LOC_STRINGS = NO;
				SWIFT_VERSION = 5.0;
				TARGETED_DEVICE_FAMILY = "1,2";
				TEST_TARGET_NAME = Weather;
			};
			name = Release;
		};
/* End XCBuildConfiguration section */

/* Begin XCConfigurationList section */
		EA61D5642AB0D02A0001CCC4 /* Build configuration list for PBXProject "Weather" */ = {
			isa = XCConfigurationList;
			buildConfigurations = (
				EA61D5912AB0D02D0001CCC4 /* Debug */,
				EA61D5922AB0D02D0001CCC4 /* Release */,
			);
			defaultConfigurationIsVisible = 0;
			defaultConfigurationName = Release;
		};
		EA61D5932AB0D02D0001CCC4 /* Build configuration list for PBXNativeTarget "Weather" */ = {
			isa = XCConfigurationList;
			buildConfigurations = (
				EA61D5942AB0D02D0001CCC4 /* Debug */,
				EA61D5952AB0D02D0001CCC4 /* Release */,
			);
			defaultConfigurationIsVisible = 0;
			defaultConfigurationName = Release;
		};
		EA61D5962AB0D02D0001CCC4 /* Build configuration list for PBXNativeTarget "WeatherTests" */ = {
			isa = XCConfigurationList;
			buildConfigurations = (
				EA61D5972AB0D02D0001CCC4 /* Debug */,
				EA61D5982AB0D02D0001CCC4 /* Release */,
			);
			defaultConfigurationIsVisible = 0;
			defaultConfigurationName = Release;
		};
		EA61D5992AB0D02D0001CCC4 /* Build configuration list for PBXNativeTarget "WeatherUITests" */ = {
			isa = XCConfigurationList;
			buildConfigurations = (
				EA61D59A2AB0D02D0001CCC4 /* Debug */,
				EA61D59B2AB0D02D0001CCC4 /* Release */,
			);
			defaultConfigurationIsVisible = 0;
			defaultConfigurationName = Release;
		};
/* End XCConfigurationList section */

/* Begin XCRemoteSwiftPackageReference section */
		EA307EC52AC047E200F2901C /* XCRemoteSwiftPackageReference "Alamofire" */ = {
			isa = XCRemoteSwiftPackageReference;
			repositoryURL = "https://github.com/Alamofire/Alamofire.git";
			requirement = {
				kind = upToNextMajorVersion;
				minimumVersion = 5.8.0;
			};
		};
/* End XCRemoteSwiftPackageReference section */

/* Begin XCSwiftPackageProductDependency section */
		EA307EC62AC047E200F2901C /* Alamofire */ = {
			isa = XCSwiftPackageProductDependency;
			package = EA307EC52AC047E200F2901C /* XCRemoteSwiftPackageReference "Alamofire" */;
			productName = Alamofire;
		};
/* End XCSwiftPackageProductDependency section */
	};
	rootObject = EA61D5612AB0D02A0001CCC4 /* Project object */;
}
